// !$*UTF8*$!
{
	archiveVersion = 1;
	classes = {
	};
	objectVersion = 51;
	objects = {

/* Begin PBXBuildFile section */
		11EB99E1A89CA0A1C3A86F7C /* Pods_AutoLayoutDemo.framework in Frameworks */ = {isa = PBXBuildFile; fileRef = D6F75942140C27DF49A1332C /* Pods_AutoLayoutDemo.framework */; };
		FD88DF5825A5F662001414F4 /* AppDelegate.m in Sources */ = {isa = PBXBuildFile; fileRef = FD88DF5725A5F662001414F4 /* AppDelegate.m */; };
		FD88DF5B25A5F662001414F4 /* SceneDelegate.m in Sources */ = {isa = PBXBuildFile; fileRef = FD88DF5A25A5F662001414F4 /* SceneDelegate.m */; };
		FD88DF5E25A5F662001414F4 /* ViewController.m in Sources */ = {isa = PBXBuildFile; fileRef = FD88DF5D25A5F662001414F4 /* ViewController.m */; };
		FD88DF6125A5F662001414F4 /* Main.storyboard in Resources */ = {isa = PBXBuildFile; fileRef = FD88DF5F25A5F662001414F4 /* Main.storyboard */; };
		FD88DF6325A5F663001414F4 /* Assets.xcassets in Resources */ = {isa = PBXBuildFile; fileRef = FD88DF6225A5F663001414F4 /* Assets.xcassets */; };
		FD88DF6625A5F663001414F4 /* LaunchScreen.storyboard in Resources */ = {isa = PBXBuildFile; fileRef = FD88DF6425A5F663001414F4 /* LaunchScreen.storyboard */; };
		FD88DF6925A5F663001414F4 /* main.m in Sources */ = {isa = PBXBuildFile; fileRef = FD88DF6825A5F663001414F4 /* main.m */; };
		FD88DF7425A5F707001414F4 /* MasonryViewController.m in Sources */ = {isa = PBXBuildFile; fileRef = FD88DF7325A5F707001414F4 /* MasonryViewController.m */; };
		FD88DF7825A5F7D5001414F4 /* SBTableViewCell.m in Sources */ = {isa = PBXBuildFile; fileRef = FD88DF7725A5F7D5001414F4 /* SBTableViewCell.m */; };
		FD88DF8725A60280001414F4 /* Data.json in Resources */ = {isa = PBXBuildFile; fileRef = FD88DF7E25A5FAD3001414F4 /* Data.json */; };
		FD88DF8B25A6040C001414F4 /* CodeTableViewCell.m in Sources */ = {isa = PBXBuildFile; fileRef = FD88DF8A25A6040C001414F4 /* CodeTableViewCell.m */; };
/* End PBXBuildFile section */

/* Begin PBXFileReference section */
		5A29B7920A3E9057ABF9FA24 /* Pods-AutoLayoutDemo.release.xcconfig */ = {isa = PBXFileReference; includeInIndex = 1; lastKnownFileType = text.xcconfig; name = "Pods-AutoLayoutDemo.release.xcconfig"; path = "Target Support Files/Pods-AutoLayoutDemo/Pods-AutoLayoutDemo.release.xcconfig"; sourceTree = "<group>"; };
		66E18A910DA1C6467B4C6DF9 /* Pods-AutoLayoutDemo.debug.xcconfig */ = {isa = PBXFileReference; includeInIndex = 1; lastKnownFileType = text.xcconfig; name = "Pods-AutoLayoutDemo.debug.xcconfig"; path = "Target Support Files/Pods-AutoLayoutDemo/Pods-AutoLayoutDemo.debug.xcconfig"; sourceTree = "<group>"; };
		D6F75942140C27DF49A1332C /* Pods_AutoLayoutDemo.framework */ = {isa = PBXFileReference; explicitFileType = wrapper.framework; includeInIndex = 0; path = Pods_AutoLayoutDemo.framework; sourceTree = BUILT_PRODUCTS_DIR; };
		FD88DF5325A5F662001414F4 /* AutoLayoutDemo.app */ = {isa = PBXFileReference; explicitFileType = wrapper.application; includeInIndex = 0; path = AutoLayoutDemo.app; sourceTree = BUILT_PRODUCTS_DIR; };
		FD88DF5625A5F662001414F4 /* AppDelegate.h */ = {isa = PBXFileReference; lastKnownFileType = sourcecode.c.h; path = AppDelegate.h; sourceTree = "<group>"; };
		FD88DF5725A5F662001414F4 /* AppDelegate.m */ = {isa = PBXFileReference; lastKnownFileType = sourcecode.c.objc; path = AppDelegate.m; sourceTree = "<group>"; };
		FD88DF5925A5F662001414F4 /* SceneDelegate.h */ = {isa = PBXFileReference; lastKnownFileType = sourcecode.c.h; path = SceneDelegate.h; sourceTree = "<group>"; };
		FD88DF5A25A5F662001414F4 /* SceneDelegate.m */ = {isa = PBXFileReference; lastKnownFileType = sourcecode.c.objc; path = SceneDelegate.m; sourceTree = "<group>"; };
		FD88DF5C25A5F662001414F4 /* ViewController.h */ = {isa = PBXFileReference; lastKnownFileType = sourcecode.c.h; path = ViewController.h; sourceTree = "<group>"; };
		FD88DF5D25A5F662001414F4 /* ViewController.m */ = {isa = PBXFileReference; lastKnownFileType = sourcecode.c.objc; path = ViewController.m; sourceTree = "<group>"; };
		FD88DF6025A5F662001414F4 /* Base */ = {isa = PBXFileReference; lastKnownFileType = file.storyboard; name = Base; path = Base.lproj/Main.storyboard; sourceTree = "<group>"; };
		FD88DF6225A5F663001414F4 /* Assets.xcassets */ = {isa = PBXFileReference; lastKnownFileType = folder.assetcatalog; path = Assets.xcassets; sourceTree = "<group>"; };
		FD88DF6525A5F663001414F4 /* Base */ = {isa = PBXFileReference; lastKnownFileType = file.storyboard; name = Base; path = Base.lproj/LaunchScreen.storyboard; sourceTree = "<group>"; };
		FD88DF6725A5F663001414F4 /* Info.plist */ = {isa = PBXFileReference; lastKnownFileType = text.plist.xml; path = Info.plist; sourceTree = "<group>"; };
		FD88DF6825A5F663001414F4 /* main.m */ = {isa = PBXFileReference; lastKnownFileType = sourcecode.c.objc; path = main.m; sourceTree = "<group>"; };
		FD88DF7225A5F707001414F4 /* MasonryViewController.h */ = {isa = PBXFileReference; lastKnownFileType = sourcecode.c.h; path = MasonryViewController.h; sourceTree = "<group>"; };
		FD88DF7325A5F707001414F4 /* MasonryViewController.m */ = {isa = PBXFileReference; lastKnownFileType = sourcecode.c.objc; path = MasonryViewController.m; sourceTree = "<group>"; };
		FD88DF7625A5F7D5001414F4 /* SBTableViewCell.h */ = {isa = PBXFileReference; lastKnownFileType = sourcecode.c.h; path = SBTableViewCell.h; sourceTree = "<group>"; };
		FD88DF7725A5F7D5001414F4 /* SBTableViewCell.m */ = {isa = PBXFileReference; lastKnownFileType = sourcecode.c.objc; path = SBTableViewCell.m; sourceTree = "<group>"; };
		FD88DF7E25A5FAD3001414F4 /* Data.json */ = {isa = PBXFileReference; lastKnownFileType = text.json; path = Data.json; sourceTree = "<group>"; };
		FD88DF8925A6040C001414F4 /* CodeTableViewCell.h */ = {isa = PBXFileReference; lastKnownFileType = sourcecode.c.h; path = CodeTableViewCell.h; sourceTree = "<group>"; };
		FD88DF8A25A6040C001414F4 /* CodeTableViewCell.m */ = {isa = PBXFileReference; lastKnownFileType = sourcecode.c.objc; path = CodeTableViewCell.m; sourceTree = "<group>"; };
/* End PBXFileReference section */

/* Begin PBXFrameworksBuildPhase section */
		FD88DF5025A5F662001414F4 /* Frameworks */ = {
			isa = PBXFrameworksBuildPhase;
			buildActionMask = 2147483647;
			files = (
				11EB99E1A89CA0A1C3A86F7C /* Pods_AutoLayoutDemo.framework in Frameworks */,
			);
			runOnlyForDeploymentPostprocessing = 0;
		};
/* End PBXFrameworksBuildPhase section */

/* Begin PBXGroup section */
		0308BA2C357700E07AE8051A /* Frameworks */ = {
			isa = PBXGroup;
			children = (
				D6F75942140C27DF49A1332C /* Pods_AutoLayoutDemo.framework */,
			);
			name = Frameworks;
			sourceTree = "<group>";
		};
		5B8174854D39ABC740038A38 /* Pods */ = {
			isa = PBXGroup;
			children = (
				66E18A910DA1C6467B4C6DF9 /* Pods-AutoLayoutDemo.debug.xcconfig */,
				5A29B7920A3E9057ABF9FA24 /* Pods-AutoLayoutDemo.release.xcconfig */,
			);
			path = Pods;
			sourceTree = "<group>";
		};
		FD88DF4A25A5F662001414F4 = {
			isa = PBXGroup;
			children = (
				FD88DF5525A5F662001414F4 /* AutoLayoutDemo */,
				FD88DF5425A5F662001414F4 /* Products */,
				5B8174854D39ABC740038A38 /* Pods */,
				0308BA2C357700E07AE8051A /* Frameworks */,
			);
			sourceTree = "<group>";
		};
		FD88DF5425A5F662001414F4 /* Products */ = {
			isa = PBXGroup;
			children = (
				FD88DF5325A5F662001414F4 /* AutoLayoutDemo.app */,
			);
			name = Products;
			sourceTree = "<group>";
		};
		FD88DF5525A5F662001414F4 /* AutoLayoutDemo */ = {
			isa = PBXGroup;
			children = (
				FD88DF5625A5F662001414F4 /* AppDelegate.h */,
				FD88DF5725A5F662001414F4 /* AppDelegate.m */,
				FD88DF5925A5F662001414F4 /* SceneDelegate.h */,
				FD88DF5A25A5F662001414F4 /* SceneDelegate.m */,
				FD88DF5C25A5F662001414F4 /* ViewController.h */,
				FD88DF5D25A5F662001414F4 /* ViewController.m */,
				FD88DF7E25A5FAD3001414F4 /* Data.json */,
				FD88DF7625A5F7D5001414F4 /* SBTableViewCell.h */,
				FD88DF7725A5F7D5001414F4 /* SBTableViewCell.m */,
				FD88DF7225A5F707001414F4 /* MasonryViewController.h */,
				FD88DF7325A5F707001414F4 /* MasonryViewController.m */,
				FD88DF8925A6040C001414F4 /* CodeTableViewCell.h */,
				FD88DF8A25A6040C001414F4 /* CodeTableViewCell.m */,
				FD88DF5F25A5F662001414F4 /* Main.storyboard */,
				FD88DF6225A5F663001414F4 /* Assets.xcassets */,
				FD88DF6425A5F663001414F4 /* LaunchScreen.storyboard */,
				FD88DF6725A5F663001414F4 /* Info.plist */,
				FD88DF6825A5F663001414F4 /* main.m */,
			);
			path = AutoLayoutDemo;
			sourceTree = "<group>";
		};
/* End PBXGroup section */

/* Begin PBXNativeTarget section */
		FD88DF5225A5F662001414F4 /* AutoLayoutDemo */ = {
			isa = PBXNativeTarget;
			buildConfigurationList = FD88DF6C25A5F663001414F4 /* Build configuration list for PBXNativeTarget "AutoLayoutDemo" */;
			buildPhases = (
				37CC8A1823D6A71448A14BC3 /* [CP] Check Pods Manifest.lock */,
				FD88DF4F25A5F662001414F4 /* Sources */,
				FD88DF5025A5F662001414F4 /* Frameworks */,
				FD88DF5125A5F662001414F4 /* Resources */,
				F2C2844BEE726EE55E756D0E /* [CP] Embed Pods Frameworks */,
			);
			buildRules = (
			);
			dependencies = (
			);
			name = AutoLayoutDemo;
			productName = AutoLayoutDemo;
			productReference = FD88DF5325A5F662001414F4 /* AutoLayoutDemo.app */;
			productType = "com.apple.product-type.application";
		};
/* End PBXNativeTarget section */

/* Begin PBXProject section */
		FD88DF4B25A5F662001414F4 /* Project object */ = {
			isa = PBXProject;
			attributes = {
				LastUpgradeCheck = 1210;
				TargetAttributes = {
					FD88DF5225A5F662001414F4 = {
						CreatedOnToolsVersion = 12.1;
					};
				};
			};
			buildConfigurationList = FD88DF4E25A5F662001414F4 /* Build configuration list for PBXProject "AutoLayoutDemo" */;
			compatibilityVersion = "Xcode 9.3";
			developmentRegion = en;
			hasScannedForEncodings = 0;
			knownRegions = (
				en,
				Base,
			);
			mainGroup = FD88DF4A25A5F662001414F4;
			productRefGroup = FD88DF5425A5F662001414F4 /* Products */;
			projectDirPath = "";
			projectRoot = "";
			targets = (
				FD88DF5225A5F662001414F4 /* AutoLayoutDemo */,
			);
		};
/* End PBXProject section */

/* Begin PBXResourcesBuildPhase section */
		FD88DF5125A5F662001414F4 /* Resources */ = {
			isa = PBXResourcesBuildPhase;
			buildActionMask = 2147483647;
			files = (
				FD88DF6625A5F663001414F4 /* LaunchScreen.storyboard in Resources */,
				FD88DF6325A5F663001414F4 /* Assets.xcassets in Resources */,
				FD88DF6125A5F662001414F4 /* Main.storyboard in Resources */,
				FD88DF8725A60280001414F4 /* Data.json in Resources */,
			);
			runOnlyForDeploymentPostprocessing = 0;
		};
/* End PBXResourcesBuildPhase section */

/* Begin PBXShellScriptBuildPhase section */
		37CC8A1823D6A71448A14BC3 /* [CP] Check Pods Manifest.lock */ = {
			isa = PBXShellScriptBuildPhase;
			buildActionMask = 2147483647;
			files = (
			);
			inputFileListPaths = (
			);
			inputPaths = (
				"${PODS_PODFILE_DIR_PATH}/Podfile.lock",
				"${PODS_ROOT}/Manifest.lock",
			);
			name = "[CP] Check Pods Manifest.lock";
			outputFileListPaths = (
			);
			outputPaths = (
				"$(DERIVED_FILE_DIR)/Pods-AutoLayoutDemo-checkManifestLockResult.txt",
			);
			runOnlyForDeploymentPostprocessing = 0;
			shellPath = /bin/sh;
			shellScript = "diff \"${PODS_PODFILE_DIR_PATH}/Podfile.lock\" \"${PODS_ROOT}/Manifest.lock\" > /dev/null\nif [ $? != 0 ] ; then\n    # print error to STDERR\n    echo \"error: The sandbox is not in sync with the Podfile.lock. Run 'pod install' or update your CocoaPods installation.\" >&2\n    exit 1\nfi\n# This output is used by Xcode 'outputs' to avoid re-running this script phase.\necho \"SUCCESS\" > \"${SCRIPT_OUTPUT_FILE_0}\"\n";
			showEnvVarsInLog = 0;
		};
		F2C2844BEE726EE55E756D0E /* [CP] Embed Pods Frameworks */ = {
			isa = PBXShellScriptBuildPhase;
			buildActionMask = 2147483647;
			files = (
			);
			inputFileListPaths = (
				"${PODS_ROOT}/Target Support Files/Pods-AutoLayoutDemo/Pods-AutoLayoutDemo-frameworks-${CONFIGURATION}-input-files.xcfilelist",
			);
			name = "[CP] Embed Pods Frameworks";
			outputFileListPaths = (
				"${PODS_ROOT}/Target Support Files/Pods-AutoLayoutDemo/Pods-AutoLayoutDemo-frameworks-${CONFIGURATION}-output-files.xcfilelist",
			);
			runOnlyForDeploymentPostprocessing = 0;
			shellPath = /bin/sh;
			shellScript = "\"${PODS_ROOT}/Target Support Files/Pods-AutoLayoutDemo/Pods-AutoLayoutDemo-frameworks.sh\"\n";
			showEnvVarsInLog = 0;
		};
/* End PBXShellScriptBuildPhase section */

/* Begin PBXSourcesBuildPhase section */
		FD88DF4F25A5F662001414F4 /* Sources */ = {
			isa = PBXSourcesBuildPhase;
			buildActionMask = 2147483647;
			files = (
				FD88DF7425A5F707001414F4 /* MasonryViewController.m in Sources */,
				FD88DF5E25A5F662001414F4 /* ViewController.m in Sources */,
				FD88DF5825A5F662001414F4 /* AppDelegate.m in Sources */,
				FD88DF6925A5F663001414F4 /* main.m in Sources */,
				FD88DF7825A5F7D5001414F4 /* SBTableViewCell.m in Sources */,
				FD88DF8B25A6040C001414F4 /* CodeTableViewCell.m in Sources */,
				FD88DF5B25A5F662001414F4 /* SceneDelegate.m in Sources */,
			);
			runOnlyForDeploymentPostprocessing = 0;
		};
/* End PBXSourcesBuildPhase section */

/* Begin PBXVariantGroup section */
		FD88DF5F25A5F662001414F4 /* Main.storyboard */ = {
			isa = PBXVariantGroup;
			children = (
				FD88DF6025A5F662001414F4 /* Base */,
			);
			name = Main.storyboard;
			sourceTree = "<group>";
		};
		FD88DF6425A5F663001414F4 /* LaunchScreen.storyboard */ = {
			isa = PBXVariantGroup;
			children = (
				FD88DF6525A5F663001414F4 /* Base */,
			);
			name = LaunchScreen.storyboard;
			sourceTree = "<group>";
		};
/* End PBXVariantGroup section */

/* Begin XCBuildConfiguration section */
		FD88DF6A25A5F663001414F4 /* Debug */ = {
			isa = XCBuildConfiguration;
			buildSettings = {
				ALWAYS_SEARCH_USER_PATHS = NO;
				CLANG_ANALYZER_NONNULL = YES;
				CLANG_ANALYZER_NUMBER_OBJECT_CONVERSION = YES_AGGRESSIVE;
				CLANG_CXX_LANGUAGE_STANDARD = "gnu++14";
				CLANG_CXX_LIBRARY = "libc++";
				CLANG_ENABLE_MODULES = YES;
				CLANG_ENABLE_OBJC_ARC = YES;
				CLANG_ENABLE_OBJC_WEAK = YES;
				CLANG_WARN_BLOCK_CAPTURE_AUTORELEASING = YES;
				CLANG_WARN_BOOL_CONVERSION = YES;
				CLANG_WARN_COMMA = YES;
				CLANG_WARN_CONSTANT_CONVERSION = YES;
				CLANG_WARN_DEPRECATED_OBJC_IMPLEMENTATIONS = YES;
				CLANG_WARN_DIRECT_OBJC_ISA_USAGE = YES_ERROR;
				CLANG_WARN_DOCUMENTATION_COMMENTS = YES;
				CLANG_WARN_EMPTY_BODY = YES;
				CLANG_WARN_ENUM_CONVERSION = YES;
				CLANG_WARN_INFINITE_RECURSION = YES;
				CLANG_WARN_INT_CONVERSION = YES;
				CLANG_WARN_NON_LITERAL_NULL_CONVERSION = YES;
				CLANG_WARN_OBJC_IMPLICIT_RETAIN_SELF = YES;
				CLANG_WARN_OBJC_LITERAL_CONVERSION = YES;
				CLANG_WARN_OBJC_ROOT_CLASS = YES_ERROR;
				CLANG_WARN_QUOTED_INCLUDE_IN_FRAMEWORK_HEADER = YES;
				CLANG_WARN_RANGE_LOOP_ANALYSIS = YES;
				CLANG_WARN_STRICT_PROTOTYPES = YES;
				CLANG_WARN_SUSPICIOUS_MOVE = YES;
				CLANG_WARN_UNGUARDED_AVAILABILITY = YES_AGGRESSIVE;
				CLANG_WARN_UNREACHABLE_CODE = YES;
				CLANG_WARN__DUPLICATE_METHOD_MATCH = YES;
				COPY_PHASE_STRIP = NO;
				DEBUG_INFORMATION_FORMAT = dwarf;
				ENABLE_STRICT_OBJC_MSGSEND = YES;
				ENABLE_TESTABILITY = YES;
				GCC_C_LANGUAGE_STANDARD = gnu11;
				GCC_DYNAMIC_NO_PIC = NO;
				GCC_NO_COMMON_BLOCKS = YES;
				GCC_OPTIMIZATION_LEVEL = 0;
				GCC_PREPROCESSOR_DEFINITIONS = (
					"DEBUG=1",
					"$(inherited)",
				);
				GCC_WARN_64_TO_32_BIT_CONVERSION = YES;
				GCC_WARN_ABOUT_RETURN_TYPE = YES_ERROR;
				GCC_WARN_UNDECLARED_SELECTOR = YES;
				GCC_WARN_UNINITIALIZED_AUTOS = YES_AGGRESSIVE;
				GCC_WARN_UNUSED_FUNCTION = YES;
				GCC_WARN_UNUSED_VARIABLE = YES;
				IPHONEOS_DEPLOYMENT_TARGET = 14.1;
				MTL_ENABLE_DEBUG_INFO = INCLUDE_SOURCE;
				MTL_FAST_MATH = YES;
				ONLY_ACTIVE_ARCH = YES;
				SDKROOT = iphoneos;
			};
			name = Debug;
		};
		FD88DF6B25A5F663001414F4 /* Release */ = {
			isa = XCBuildConfiguration;
			buildSettings = {
				ALWAYS_SEARCH_USER_PATHS = NO;
				CLANG_ANALYZER_NONNULL = YES;
				CLANG_ANALYZER_NUMBER_OBJECT_CONVERSION = YES_AGGRESSIVE;
				CLANG_CXX_LANGUAGE_STANDARD = "gnu++14";
				CLANG_CXX_LIBRARY = "libc++";
				CLANG_ENABLE_MODULES = YES;
				CLANG_ENABLE_OBJC_ARC = YES;
				CLANG_ENABLE_OBJC_WEAK = YES;
				CLANG_WARN_BLOCK_CAPTURE_AUTORELEASING = YES;
				CLANG_WARN_BOOL_CONVERSION = YES;
				CLANG_WARN_COMMA = YES;
				CLANG_WARN_CONSTANT_CONVERSION = YES;
				CLANG_WARN_DEPRECATED_OBJC_IMPLEMENTATIONS = YES;
				CLANG_WARN_DIRECT_OBJC_ISA_USAGE = YES_ERROR;
				CLANG_WARN_DOCUMENTATION_COMMENTS = YES;
				CLANG_WARN_EMPTY_BODY = YES;
				CLANG_WARN_ENUM_CONVERSION = YES;
				CLANG_WARN_INFINITE_RECURSION = YES;
				CLANG_WARN_INT_CONVERSION = YES;
				CLANG_WARN_NON_LITERAL_NULL_CONVERSION = YES;
				CLANG_WARN_OBJC_IMPLICIT_RETAIN_SELF = YES;
				CLANG_WARN_OBJC_LITERAL_CONVERSION = YES;
				CLANG_WARN_OBJC_ROOT_CLASS = YES_ERROR;
				CLANG_WARN_QUOTED_INCLUDE_IN_FRAMEWORK_HEADER = YES;
				CLANG_WARN_RANGE_LOOP_ANALYSIS = YES;
				CLANG_WARN_STRICT_PROTOTYPES = YES;
				CLANG_WARN_SUSPICIOUS_MOVE = YES;
				CLANG_WARN_UNGUARDED_AVAILABILITY = YES_AGGRESSIVE;
				CLANG_WARN_UNREACHABLE_CODE = YES;
				CLANG_WARN__DUPLICATE_METHOD_MATCH = YES;
				COPY_PHASE_STRIP = NO;
				DEBUG_INFORMATION_FORMAT = "dwarf-with-dsym";
				ENABLE_NS_ASSERTIONS = NO;
				ENABLE_STRICT_OBJC_MSGSEND = YES;
				GCC_C_LANGUAGE_STANDARD = gnu11;
				GCC_NO_COMMON_BLOCKS = YES;
				GCC_WARN_64_TO_32_BIT_CONVERSION = YES;
				GCC_WARN_ABOUT_RETURN_TYPE = YES_ERROR;
				GCC_WARN_UNDECLARED_SELECTOR = YES;
				GCC_WARN_UNINITIALIZED_AUTOS = YES_AGGRESSIVE;
				GCC_WARN_UNUSED_FUNCTION = YES;
				GCC_WARN_UNUSED_VARIABLE = YES;
				IPHONEOS_DEPLOYMENT_TARGET = 14.1;
				MTL_ENABLE_DEBUG_INFO = NO;
				MTL_FAST_MATH = YES;
				SDKROOT = iphoneos;
				VALIDATE_PRODUCT = YES;
			};
			name = Release;
		};
		FD88DF6D25A5F663001414F4 /* Debug */ = {
			isa = XCBuildConfiguration;
			baseConfigurationReference = 66E18A910DA1C6467B4C6DF9 /* Pods-AutoLayoutDemo.debug.xcconfig */;
			buildSettings = {
				ASSETCATALOG_COMPILER_APPICON_NAME = AppIcon;
				ASSETCATALOG_COMPILER_GLOBAL_ACCENT_COLOR_NAME = AccentColor;
				CODE_SIGN_STYLE = Automatic;
				INFOPLIST_FILE = AutoLayoutDemo/Info.plist;
				LD_RUNPATH_SEARCH_PATHS = (
					"$(inherited)",
					"@executable_path/Frameworks",
				);
				PRODUCT_BUNDLE_IDENTIFIER = com.yuanda.huiXuanGu.AutoLayoutDemo;
				PRODUCT_NAME = "$(TARGET_NAME)";
				TARGETED_DEVICE_FAMILY = "1,2";
			};
			name = Debug;
		};
		FD88DF6E25A5F663001414F4 /* Release */ = {
			isa = XCBuildConfiguration;
			baseConfigurationReference = 5A29B7920A3E9057ABF9FA24 /* Pods-AutoLayoutDemo.release.xcconfig */;
			buildSettings = {
				ASSETCATALOG_COMPILER_APPICON_NAME = AppIcon;
				ASSETCATALOG_COMPILER_GLOBAL_ACCENT_COLOR_NAME = AccentColor;
				CODE_SIGN_STYLE = Automatic;
				INFOPLIST_FILE = AutoLayoutDemo/Info.plist;
				LD_RUNPATH_SEARCH_PATHS = (
					"$(inherited)",
					"@executable_path/Frameworks",
				);
				PRODUCT_BUNDLE_IDENTIFIER = com.yuanda.huiXuanGu.AutoLayoutDemo;
				PRODUCT_NAME = "$(TARGET_NAME)";
				TARGETED_DEVICE_FAMILY = "1,2";
			};
			name = Release;
		};
/* End XCBuildConfiguration section */

/* Begin XCConfigurationList section */
		FD88DF4E25A5F662001414F4 /* Build configuration list for PBXProject "AutoLayoutDemo" */ = {
			isa = XCConfigurationList;
			buildConfigurations = (
				FD88DF6A25A5F663001414F4 /* Debug */,
				FD88DF6B25A5F663001414F4 /* Release */,
			);
			defaultConfigurationIsVisible = 0;
			defaultConfigurationName = Release;
		};
		FD88DF6C25A5F663001414F4 /* Build configuration list for PBXNativeTarget "AutoLayoutDemo" */ = {
			isa = XCConfigurationList;
			buildConfigurations = (
				FD88DF6D25A5F663001414F4 /* Debug */,
				FD88DF6E25A5F663001414F4 /* Release */,
			);
			defaultConfigurationIsVisible = 0;
			defaultConfigurationName = Release;
		};
/* End XCConfigurationList section */
	};
	rootObject = FD88DF4B25A5F662001414F4 /* Project object */;
}
